
Microsoft Visual Studio Solution File, Format Version 12.00
# Visual Studio Version 16
VisualStudioVersion = 16.0.30204.135
MinimumVisualStudioVersion = 10.0.40219.1
Project("{9A19103F-16F7-4668-BE54-9A1E7A4F7556}") = "RoverController", "Rover\RoverController.csproj", "{B8B9CDA3-C1AA-4168-8526-C6C22E612A39}"
EndProject
Project("{FAE04EC0-301F-11D3-BF4B-00C04F79EFBC}") = "RoverControllerTest", "RoverControllerTest\RoverControllerTest.csproj", "{9DE6CFAD-F22B-4483-BDC9-5A532FBA6889}"
EndProject
Global
	GlobalSection(SolutionConfigurationPlatforms) = preSolution
		Debug|Any CPU = Debug|Any CPU
		Release|Any CPU = Release|Any CPU
	EndGlobalSection
	GlobalSection(ProjectConfigurationPlatforms) = postSolution
		{B8B9CDA3-C1AA-4168-8526-C6C22E612A39}.Debug|Any CPU.ActiveCfg = Debug|Any CPU
		{B8B9CDA3-C1AA-4168-8526-C6C22E612A39}.Debug|Any CPU.Build.0 = Debug|Any CPU
		{B8B9CDA3-C1AA-4168-8526-C6C22E612A39}.Release|Any CPU.ActiveCfg = Release|Any CPU
		{B8B9CDA3-C1AA-4168-8526-C6C22E612A39}.Release|Any CPU.Build.0 = Release|Any CPU
		{9DE6CFAD-F22B-4483-BDC9-5A532FBA6889}.Debug|Any CPU.ActiveCfg = Debug|Any CPU
		{9DE6CFAD-F22B-4483-BDC9-5A532FBA6889}.Debug|Any CPU.Build.0 = Debug|Any CPU
		{9DE6CFAD-F22B-4483-BDC9-5A532FBA6889}.Release|Any CPU.ActiveCfg = Release|Any CPU
		{9DE6CFAD-F22B-4483-BDC9-5A532FBA6889}.Release|Any CPU.Build.0 = Release|Any CPU
	EndGlobalSection
	GlobalSection(SolutionProperties) = preSolution
		HideSolutionNode = FALSE
	EndGlobalSection
	GlobalSection(ExtensibilityGlobals) = postSolution
		SolutionGuid = {B0F505CA-DC79-4A4C-A4F1-713C3AB661B6}
	EndGlobalSection
EndGlobal
